github.com/ConradIrwin/parallel v0.0.0-20230516165528-ce8d3ebd3db8 h1:7gXvQO+M+qeR2FM87TXHkbsHaGVri5+cec/GLxZDR74=
github.com/ConradIrwin/parallel v0.0.0-20230516165528-ce8d3ebd3db8/go.mod h1:2mYwTh1bXduyYmVdWh/s8yqWTqCphjMhVWEu3uOUybk=
github.com/automerge/automerge-go v0.0.0-20230406144609-906bc6d7c4f4 h1:7SbhmlpMmV/weLm0HaFci08ix0B3gY5NXM2c431Ex8A=
github.com/automerge/automerge-go v0.0.0-20230406144609-906bc6d7c4f4/go.mod h1:VxiGlHPPCBedvTqpzWC3WU5U6mNU6z9N5lvLhIKUTGQ=
github.com/creack/pty v1.1.9/go.mod h1:oKZEueFk5CKHvIhNR5MUki03XCEU+Q6VDXinZuGJ33E=
github.com/go-git/go-billy/v5 v5.3.1 h1:CPiOUAzKtMRvolEKw+bG1PLRpT7D3LIs3/3ey4Aiu34=
github.com/go-git/go-billy/v5 v5.3.1/go.mod h1:pmpqyWchKfYfrkb/UVH4otLvyi/5gJlGI4Hb3ZqZ3W0=
github.com/gofrs/uuid v4.4.0+incompatible h1:3qXRTX8/NbyulANqlc0lchS1gqAVxRgsuW1YrTJupqA=
github.com/gofrs/uuid v4.4.0+incompatible/go.mod h1:b2aQJv3Z4Fp6yNu3cdSllBxTCLRxnplIgP/c0N/04lM=
github.com/google/uuid v1.3.0 h1:t6JiXgmwXMjEs8VusXIJk2BXHsn+wx8BZdTaoZ5fu7I=
github.com/google/uuid v1.3.0/go.mod h1:TIyPZe4MgqvfeYDBFedMoGGpEw/LqOeaOT+nhxU+yHo=
github.com/hashicorp/golang-lru/v2 v2.0.2 h1:Dwmkdr5Nc/oBiXgJS3CDHNhJtIHkuZ3DZF5twqnfBdU=
github.com/hashicorp/golang-lru/v2 v2.0.2/go.mod h1:QeFd9opnmA6QUJc5vARoKUSoFhyfM2/ZepoAG6RGpeM=
github.com/juju/fslock v0.0.0-20160525022230-4d5c94c67b4b h1:FQ7+9fxhyp82ks9vAuyPzG0/vVbWwMwLJ+P6yJI5FN8=
github.com/juju/fslock v0.0.0-20160525022230-4d5c94c67b4b/go.mod h1:HMcgvsgd0Fjj4XXDkbjdmlbI505rUPBs6WBMYg2pXks=
github.com/kr/pty v1.1.1/go.mod h1:pFQYn66WHrOpPYNljwOMqo10TkYh1fy3cYio2l3bCsQ=
github.com/kr/text v0.1.0/go.mod h1:4Jbv+DJW3UT/LiOwJeYQe1efqtUx/iVham/4vfdArNI=
github.com/kr/text v0.2.0 h1:5Nx0Ya0ZqY2ygV366QzturHI13Jq95ApcVaJBhpS+AY=
github.com/kr/text v0.2.0/go.mod h1:eLer722TekiGuMkidMxC/pM04lWEeraHUUmBw8l2grE=
github.com/niemeyer/pretty v0.0.0-20200227124842-a10e7caefd8e h1:fD57ERR4JtEqsWbfPhv4DMiApHyliiK5xCTNVSPiaAs=
github.com/niemeyer/pretty v0.0.0-20200227124842-a10e7caefd8e/go.mod h1:zD1mROLANZcx1PVRCS0qkT7pwLkGfwJo4zjcN/Tysno=
github.com/rasky/go-xdr v0.0.0-20170124162913-1a41d1a06c93 h1:UVArwN/wkKjMVhh2EQGC0tEc1+FqiLlvYXY5mQ2f8Wg=
github.com/rasky/go-xdr v0.0.0-20170124162913-1a41d1a06c93/go.mod h1:Nfe4efndBz4TibWycNE+lqyJZiMX4ycx+QKV8Ta0f/o=
github.com/willscott/go-nfs v0.0.0-20230313234243-d94d22138e1e h1:2a1G+FL68xrqllzlh9TMcu0I/1j7hQj9m/9X5Kqd6Ko=
github.com/willscott/go-nfs v0.0.0-20230313234243-d94d22138e1e/go.mod h1:AdubZNWE4Oq6Z0Ggdvg4vZYXhllCYj+utUUfs4PHYVc=
github.com/willscott/go-nfs-client v0.0.0-20200605172546-271fa9065b33 h1:Wd8wdpRzPXskyHvZLyw7Wc1fp5oCE2mhBCj7bAiibUs=
github.com/willscott/go-nfs-client v0.0.0-20200605172546-271fa9065b33/go.mod h1:cOUKSNty+RabZqKhm5yTJT5Vq/Fe83ZRWAJ5Kj8nRes=
github.com/zema1/go-nfs-client v0.0.0-20200604081958-0cf942f0e0fe/go.mod h1:im3CVJ32XM3+E+2RhY0sa5IVJVQehUrX0oE1wX4xOwU=
golang.org/x/sys v0.0.0-20200302150141-5c8b2ff67527/go.mod h1:h1NjWce9XRLGQEsW7wpKNCjG9DtNlClVuFLEZdDNbEs=
gopkg.in/check.v1 v1.0.0-20200227125254-8fa46927fb4f h1:BLraFXnmrev5lT+xlilqcH8XK9/i0At2xKjWk4p6zsU=
gopkg.in/check.v1 v1.0.0-20200227125254-8fa46927fb4f/go.mod h1:Co6ibVJAznAaIkqp8huTwlJQCZ016jof/cbN4VW5Yz0=
